
Microsoft Visual Studio Solution File, Format Version 12.00
# Visual Studio Version 17
VisualStudioVersion = 17.1.32414.318
MinimumVisualStudioVersion = 10.0.40219.1
Project("{E24C65DC-7377-472B-9ABA-BC803B73C61A}") = "Future Dashboard", "Future Dashboard\", "{CC433F24-F996-4B6A-994D-AD1F417BEF86}"
	ProjectSection(WebsiteProperties) = preProject
		TargetFrameworkMoniker = ".NETFramework,Version%3Dv4.7.2"
		Debug.AspNetCompiler.VirtualPath = "/localhost_51693"
		Debug.AspNetCompiler.PhysicalPath = "Future Dashboard\"
		Debug.AspNetCompiler.TargetPath = "PrecompiledWeb\localhost_51693\"
		Debug.AspNetCompiler.Updateable = "true"
		Debug.AspNetCompiler.ForceOverwrite = "true"
		Debug.AspNetCompiler.FixedNames = "false"
		Debug.AspNetCompiler.Debug = "True"
		Release.AspNetCompiler.VirtualPath = "/localhost_51693"
		Release.AspNetCompiler.PhysicalPath = "Future Dashboard\"
		Release.AspNetCompiler.TargetPath = "PrecompiledWeb\localhost_51693\"
		Release.AspNetCompiler.Updateable = "true"
		Release.AspNetCompiler.ForceOverwrite = "true"
		Release.AspNetCompiler.FixedNames = "false"
		Release.AspNetCompiler.Debug = "False"
		VWDPort = "51693"
		SlnRelativePath = "Future Dashboard\"
		DefaultWebSiteLanguage = "Visual Basic"
	EndProjectSection
EndProject
Global
	GlobalSection(SolutionConfigurationPlatforms) = preSolution
		Debug|Any CPU = Debug|Any CPU
	EndGlobalSection
	GlobalSection(ProjectConfigurationPlatforms) = postSolution
		{CC433F24-F996-4B6A-994D-AD1F417BEF86}.Debug|Any CPU.ActiveCfg = Debug|Any CPU
		{CC433F24-F996-4B6A-994D-AD1F417BEF86}.Debug|Any CPU.Build.0 = Debug|Any CPU
	EndGlobalSection
	GlobalSection(SolutionProperties) = preSolution
		HideSolutionNode = FALSE
	EndGlobalSection
	GlobalSection(ExtensibilityGlobals) = postSolution
		SolutionGuid = {FD31C589-E387-4B35-BEFE-DBA3C2658A2F}
	EndGlobalSection
EndGlobal
